{
  "nodes": {
    "ameba-src": {
      "flake": false,
      "locked": {
        "lastModified": 1668496515,
        "narHash": "sha256-SZ2sBQeZgtPOYioH9eK5MveFtWVGPvgKMrqsCfjoRGM=",
        "owner": "crystal-ameba",
        "repo": "ameba",
        "rev": "cc687d028180203cb53390484871ffb8669b88c8",
        "type": "github"
      },
      "original": {
        "owner": "crystal-ameba",
        "ref": "v1.3.1",
        "repo": "ameba",
        "type": "github"
      }
    },
    "bdwgc-src": {
      "flake": false,
      "locked": {
        "lastModified": 1661523039,
        "narHash": "sha256-UYJQGeSykmfydGAmTlNJNyAPBasBkddOSoopBHiY7TI=",
        "owner": "ivmai",
        "repo": "bdwgc",
        "rev": "cd1fbc1dbfd2cc888436944dd2784f39820698d7",
        "type": "github"
      },
      "original": {
        "owner": "ivmai",
        "ref": "v8.2.2",
        "repo": "bdwgc",
        "type": "github"
      }
    },
    "crystal-aarch64-darwin": {
      "flake": false,
      "locked": {
        "narHash": "sha256-P8tcXB+aTHHMLigrqrSpvTsC5t1q4AFxPyLLTsSD7/I=",
        "type": "tarball",
        "url": "https://github.com/crystal-lang/crystal/releases/download/1.7.0/crystal-1.7.0-1-darwin-universal.tar.gz"
      },
      "original": {
        "type": "tarball",
        "url": "https://github.com/crystal-lang/crystal/releases/download/1.7.0/crystal-1.7.0-1-darwin-universal.tar.gz"
      }
    },
    "crystal-flake": {
      "inputs": {
        "ameba-src": "ameba-src",
        "bdwgc-src": "bdwgc-src",
        "crystal-aarch64-darwin": "crystal-aarch64-darwin",
        "crystal-i686-linux": "crystal-i686-linux",
        "crystal-src": "crystal-src",
        "crystal-x86_64-darwin": "crystal-x86_64-darwin",
        "crystal-x86_64-linux": "crystal-x86_64-linux",
        "crystalline-src": "crystalline-src",
        "flake-parts": "flake-parts",
        "nixpkgs": "nixpkgs"
      },
      "locked": {
        "lastModified": 1673867736,
        "narHash": "sha256-e8SWe3VDRXCRrme9sOPOxBFLUGByu3hGZEr6CEECOY0=",
        "owner": "manveru",
        "repo": "crystal-flake",
        "rev": "2a77aac2e1709999d252bec858983904a12feb7a",
        "type": "github"
      },
      "original": {
        "owner": "manveru",
        "repo": "crystal-flake",
        "type": "github"
      }
    },
    "crystal-i686-linux": {
      "flake": false,
      "locked": {
        "narHash": "sha256-3s1KKV3UuMZfUqULWCWl6XKrHOVufnfcgEOJ0d5jnLQ=",
        "type": "tarball",
        "url": "https://github.com/crystal-lang/crystal/releases/download/1.7.0/crystal-1.7.0-1-linux-x86_64.tar.gz"
      },
      "original": {
        "type": "tarball",
        "url": "https://github.com/crystal-lang/crystal/releases/download/1.7.0/crystal-1.7.0-1-linux-x86_64.tar.gz"
      }
    },
    "crystal-src": {
      "flake": false,
      "locked": {
        "lastModified": 1673282978,
        "narHash": "sha256-no6b6PGmc/dhicMLVZIHwi/HOKCVTiWHZ5I+ImBjoQc=",
        "owner": "crystal-lang",
        "repo": "crystal",
        "rev": "016578f858cd08efc035a9c66a82965efc75321c",
        "type": "github"
      },
      "original": {
        "owner": "crystal-lang",
        "ref": "1.7.0",
        "repo": "crystal",
        "type": "github"
      }
    },
    "crystal-x86_64-darwin": {
      "flake": false,
      "locked": {
        "narHash": "sha256-3s1KKV3UuMZfUqULWCWl6XKrHOVufnfcgEOJ0d5jnLQ=",
        "type": "tarball",
        "url": "https://github.com/crystal-lang/crystal/releases/download/1.7.0/crystal-1.7.0-1-linux-x86_64.tar.gz"
      },
      "original": {
        "type": "tarball",
        "url": "https://github.com/crystal-lang/crystal/releases/download/1.7.0/crystal-1.7.0-1-linux-x86_64.tar.gz"
      }
    },
    "crystal-x86_64-linux": {
      "flake": false,
      "locked": {
        "narHash": "sha256-3s1KKV3UuMZfUqULWCWl6XKrHOVufnfcgEOJ0d5jnLQ=",
        "type": "tarball",
        "url": "https://github.com/crystal-lang/crystal/releases/download/1.7.0/crystal-1.7.0-1-linux-x86_64.tar.gz"
      },
      "original": {
        "type": "tarball",
        "url": "https://github.com/crystal-lang/crystal/releases/download/1.7.0/crystal-1.7.0-1-linux-x86_64.tar.gz"
      }
    },
    "crystalline-src": {
      "flake": false,
      "locked": {
        "lastModified": 1673543445,
        "narHash": "sha256-oNi2PXjrQbaUsTpV33jdACO0khPCaoq0FVN1tMZgwME=",
        "owner": "elbywan",
        "repo": "crystalline",
        "rev": "c6a825edeb81bd6c3e433b083f52837958102888",
        "type": "github"
      },
      "original": {
        "owner": "elbywan",
        "ref": "v0.8.0",
        "repo": "crystalline",
        "type": "github"
      }
    },
    "flake-parts": {
      "inputs": {
        "nixpkgs-lib": "nixpkgs-lib"
      },
      "locked": {
        "lastModified": 1672152762,
        "narHash": "sha256-U8iWWHgabN07zfbgedogMVWrEP1Zywyf3Yx3OYHSSgE=",
        "owner": "hercules-ci",
        "repo": "flake-parts",
        "rev": "19e0f88324d90509141e192664ded98bb88ef9b2",
        "type": "github"
      },
      "original": {
        "owner": "hercules-ci",
        "repo": "flake-parts",
        "type": "github"
      }
    },
    "flake-utils": {
      "locked": {
        "lastModified": 1676283394,
        "narHash": "sha256-XX2f9c3iySLCw54rJ/CZs+ZK6IQy7GXNY4nSOyu2QG4=",
        "owner": "numtide",
        "repo": "flake-utils",
        "rev": "3db36a8b464d0c4532ba1c7dda728f4576d6d073",
        "type": "github"
      },
      "original": {
        "owner": "numtide",
        "repo": "flake-utils",
        "type": "github"
      }
    },
    "nixpkgs": {
      "locked": {
        "lastModified": 1658406394,
        "narHash": "sha256-hgibXbbmxucpVJy9eOXKn7HxQtVkpeZ8euSnWl6c9Mk=",
        "owner": "NixOS",
        "repo": "nixpkgs",
        "rev": "c93e5ab157b45adbb6165bd85a9d8f67e49ff31d",
        "type": "github"
      },
      "original": {
        "owner": "NixOS",
        "ref": "nixos-22.05",
        "repo": "nixpkgs",
        "type": "github"
      }
    },
    "nixpkgs-lib": {
      "locked": {
        "dir": "lib",
        "lastModified": 1671359686,
        "narHash": "sha256-3MpC6yZo+Xn9cPordGz2/ii6IJpP2n8LE8e/ebUXLrs=",
        "owner": "NixOS",
        "repo": "nixpkgs",
        "rev": "04f574a1c0fde90b51bf68198e2297ca4e7cccf4",
        "type": "github"
      },
      "original": {
        "dir": "lib",
        "owner": "NixOS",
        "ref": "nixos-unstable",
        "repo": "nixpkgs",
        "type": "github"
      }
    },
    "nixpkgs_2": {
      "locked": {
        "lastModified": 1676546582,
        "narHash": "sha256-MJ+PXNmUyxnMTFoss7G2lEcUY2cfYZM6RudBAL5aX1k=",
        "owner": "nixos",
        "repo": "nixpkgs",
        "rev": "2fb7d749c084890192b2cd08ba264e5e4a14df1b",
        "type": "github"
      },
      "original": {
        "owner": "nixos",
        "ref": "nixos-22.11",
        "repo": "nixpkgs",
        "type": "github"
      }
    },
    "root": {
      "inputs": {
        "crystal-flake": "crystal-flake",
        "flake-utils": "flake-utils",
        "nixpkgs": "nixpkgs_2"
      }
    }
  },
  "root": "root",
  "version": 7
}
